// !$*UTF8*$!
{
	archiveVersion = 1;
	classes = {
	};
	objectVersion = 48;
	objects = {

/* Begin PBXBuildFile section */
		1F3B264A6EF90DE21822DBDF /* MainConfigurator.swift in Sources */ = {isa = PBXBuildFile; fileRef = 6B90B9851BCE989EC18B09AD /* MainConfigurator.swift */; };
		3402A65116E6D867EE17919D /* MainViewController.swift in Sources */ = {isa = PBXBuildFile; fileRef = DFF032D8662191F7C9668ED5 /* MainViewController.swift */; };
		39B551965D3F57ED48905C75 /* MainInitializer.swift in Sources */ = {isa = PBXBuildFile; fileRef = 9C48F71876D5BB3B02A9FBDE /* MainInitializer.swift */; };
		472BB73B3640EDBD1B47638B /* MainModuleInput.swift in Sources */ = {isa = PBXBuildFile; fileRef = AB2F39A31CA6EE33132FEE9E /* MainModuleInput.swift */; };
		4C57D36779164E951DDD157B /* MainRouterTests.swift in Sources */ = {isa = PBXBuildFile; fileRef = 8AE96B4981D9B43B5AC597CE /* MainRouterTests.swift */; };
		649FFB4F207452CF0AED0DE7 /* MainInteractorInput.swift in Sources */ = {isa = PBXBuildFile; fileRef = 2557C5934E27C5DAABDC51E0 /* MainInteractorInput.swift */; };
		783284B9DB8F4861FF952BA4 /* MainInteractorOutput.swift in Sources */ = {isa = PBXBuildFile; fileRef = 9673409CE249670F07FFE8F8 /* MainInteractorOutput.swift */; };
		7DD6CAA42153F5C4002C63BC /* AppDelegate.swift in Sources */ = {isa = PBXBuildFile; fileRef = 7DD6CAA32153F5C4002C63BC /* AppDelegate.swift */; };
		7DD6CAAB2153F5C6002C63BC /* Assets.xcassets in Resources */ = {isa = PBXBuildFile; fileRef = 7DD6CAAA2153F5C6002C63BC /* Assets.xcassets */; };
		7DD6CAAE2153F5C6002C63BC /* LaunchScreen.storyboard in Resources */ = {isa = PBXBuildFile; fileRef = 7DD6CAAC2153F5C6002C63BC /* LaunchScreen.storyboard */; };
		7DD6CAB92153F5C7002C63BC /* RevolutTestAppTests.swift in Sources */ = {isa = PBXBuildFile; fileRef = 7DD6CAB82153F5C7002C63BC /* RevolutTestAppTests.swift */; };
		7DD6CAC42153F5C7002C63BC /* RevolutTestAppUITests.swift in Sources */ = {isa = PBXBuildFile; fileRef = 7DD6CAC32153F5C7002C63BC /* RevolutTestAppUITests.swift */; };
		7DD6CADA21542F6A002C63BC /* BaseViewProtocol.swift in Sources */ = {isa = PBXBuildFile; fileRef = 7DD6CAD921542F6A002C63BC /* BaseViewProtocol.swift */; };
		7DD6CADE21542FF5002C63BC /* Main.storyboard in Resources */ = {isa = PBXBuildFile; fileRef = 7DD6CADD21542FF5002C63BC /* Main.storyboard */; };
		7DD6CADF21543321002C63BC /* MainConfigurator.swift in Sources */ = {isa = PBXBuildFile; fileRef = 6B90B9851BCE989EC18B09AD /* MainConfigurator.swift */; };
		7DD6CAE021543348002C63BC /* MainViewController.swift in Sources */ = {isa = PBXBuildFile; fileRef = DFF032D8662191F7C9668ED5 /* MainViewController.swift */; };
		7DD6CAE121543358002C63BC /* MainInteractor.swift in Sources */ = {isa = PBXBuildFile; fileRef = EB1C7898D592E2253C95BA9C /* MainInteractor.swift */; };
		7DD6CAE22154335D002C63BC /* MainPresenter.swift in Sources */ = {isa = PBXBuildFile; fileRef = 2EF96A16B019B7280F3BA53D /* MainPresenter.swift */; };
		7DD6CAE321543366002C63BC /* MainRouter.swift in Sources */ = {isa = PBXBuildFile; fileRef = 32BCF65326BAAFC299126E39 /* MainRouter.swift */; };
		7DD6CAE42154337F002C63BC /* MainInteractorOutput.swift in Sources */ = {isa = PBXBuildFile; fileRef = 9673409CE249670F07FFE8F8 /* MainInteractorOutput.swift */; };
		7DD6CAE52154338A002C63BC /* MainInteractorInput.swift in Sources */ = {isa = PBXBuildFile; fileRef = 2557C5934E27C5DAABDC51E0 /* MainInteractorInput.swift */; };
		7DD6CAE621543390002C63BC /* MainRouterInput.swift in Sources */ = {isa = PBXBuildFile; fileRef = D5288988990E5D66FEFCB0AC /* MainRouterInput.swift */; };
		7DD6CAE721543393002C63BC /* MainViewInput.swift in Sources */ = {isa = PBXBuildFile; fileRef = 4103022F6A63476BF04FB0E2 /* MainViewInput.swift */; };
		7DD6CAE8215433B9002C63BC /* MainViewOutput.swift in Sources */ = {isa = PBXBuildFile; fileRef = CCBC9C38D2C2C967EAE8E94B /* MainViewOutput.swift */; };
		7DD6CAE9215433BD002C63BC /* MainModuleInput.swift in Sources */ = {isa = PBXBuildFile; fileRef = AB2F39A31CA6EE33132FEE9E /* MainModuleInput.swift */; };
		7DD6CAEE21543592002C63BC /* CurrencyTableViewCell.swift in Sources */ = {isa = PBXBuildFile; fileRef = 7DD6CAEC21543592002C63BC /* CurrencyTableViewCell.swift */; };
		7DD6CAEF21543592002C63BC /* CurrencyTableViewCell.xib in Resources */ = {isa = PBXBuildFile; fileRef = 7DD6CAED21543592002C63BC /* CurrencyTableViewCell.xib */; };
		7DD6CAF32154388F002C63BC /* CustomTextField.swift in Sources */ = {isa = PBXBuildFile; fileRef = 7DD6CAF22154388F002C63BC /* CustomTextField.swift */; };
		7DD6CAFE21585C0E002C63BC /* TableViewMaker.swift in Sources */ = {isa = PBXBuildFile; fileRef = 7DD6CAFD21585C0E002C63BC /* TableViewMaker.swift */; };
		7DD6CB0021585D50002C63BC /* CollectionViewOwner.swift in Sources */ = {isa = PBXBuildFile; fileRef = 7DD6CAFF21585D50002C63BC /* CollectionViewOwner.swift */; };
		7DD6CB03215902F0002C63BC /* MainViewModel.swift in Sources */ = {isa = PBXBuildFile; fileRef = 7DD6CB02215902F0002C63BC /* MainViewModel.swift */; };
		7DD6CB052159036F002C63BC /* CurrencyModel.swift in Sources */ = {isa = PBXBuildFile; fileRef = 7DD6CB042159036F002C63BC /* CurrencyModel.swift */; };
		7DD6CB08215906A9002C63BC /* Request.swift in Sources */ = {isa = PBXBuildFile; fileRef = 7DD6CB07215906A9002C63BC /* Request.swift */; };
		7DD6CB0A2159078B002C63BC /* Events.swift in Sources */ = {isa = PBXBuildFile; fileRef = 7DD6CB092159078B002C63BC /* Events.swift */; };
		7DD6CB0C21590AB5002C63BC /* Error.swift in Sources */ = {isa = PBXBuildFile; fileRef = 7DD6CB0B21590AB5002C63BC /* Error.swift */; };
		879670E712A87B06A2E372AB /* MainRouterInput.swift in Sources */ = {isa = PBXBuildFile; fileRef = D5288988990E5D66FEFCB0AC /* MainRouterInput.swift */; };
		931DF90BF919F9071CC25094 /* MainInteractorTests.swift in Sources */ = {isa = PBXBuildFile; fileRef = 49C491AFB56BFA73BB1CFE15 /* MainInteractorTests.swift */; };
		A874DB8BC9E28F2FA093F4D8 /* MainViewTests.swift in Sources */ = {isa = PBXBuildFile; fileRef = 653F2371690751A9F6942AAA /* MainViewTests.swift */; };
		A96DB44892A4DBBF44AC9CF4 /* MainRouter.swift in Sources */ = {isa = PBXBuildFile; fileRef = 32BCF65326BAAFC299126E39 /* MainRouter.swift */; };
		ACE0A005C4DBDA5A3D3A1F0E /* MainPresenter.swift in Sources */ = {isa = PBXBuildFile; fileRef = 2EF96A16B019B7280F3BA53D /* MainPresenter.swift */; };
		BAFB0ED26CEBA1DE69E8ABC8 /* MainConfiguratorTests.swift in Sources */ = {isa = PBXBuildFile; fileRef = C5BE2108996EA99B4B42D26B /* MainConfiguratorTests.swift */; };
		DCB6ACD198DB4C5B80678270 /* MainViewOutput.swift in Sources */ = {isa = PBXBuildFile; fileRef = CCBC9C38D2C2C967EAE8E94B /* MainViewOutput.swift */; };
		DECA46A542C786C14489D64D /* MainInteractor.swift in Sources */ = {isa = PBXBuildFile; fileRef = EB1C7898D592E2253C95BA9C /* MainInteractor.swift */; };
		F791046D1C631ECC86E72CD9 /* MainPresenterTests.swift in Sources */ = {isa = PBXBuildFile; fileRef = A0CDE7708C27C4E58FCCF152 /* MainPresenterTests.swift */; };
		FD4D03D8120DE98E22FEBB88 /* MainViewInput.swift in Sources */ = {isa = PBXBuildFile; fileRef = 4103022F6A63476BF04FB0E2 /* MainViewInput.swift */; };
/* End PBXBuildFile section */

/* Begin PBXContainerItemProxy section */
		7DD6CAB52153F5C7002C63BC /* PBXContainerItemProxy */ = {
			isa = PBXContainerItemProxy;
			containerPortal = 7DD6CA982153F5C4002C63BC /* Project object */;
			proxyType = 1;
			remoteGlobalIDString = 7DD6CA9F2153F5C4002C63BC;
			remoteInfo = RevolutTestApp;
		};
		7DD6CAC02153F5C7002C63BC /* PBXContainerItemProxy */ = {
			isa = PBXContainerItemProxy;
			containerPortal = 7DD6CA982153F5C4002C63BC /* Project object */;
			proxyType = 1;
			remoteGlobalIDString = 7DD6CA9F2153F5C4002C63BC;
			remoteInfo = RevolutTestApp;
		};
/* End PBXContainerItemProxy section */

/* Begin PBXFileReference section */
		2557C5934E27C5DAABDC51E0 /* MainInteractorInput.swift */ = {isa = PBXFileReference; includeInIndex = 1; lastKnownFileType = sourcecode.swift; path = MainInteractorInput.swift; sourceTree = "<group>"; };
		2EF96A16B019B7280F3BA53D /* MainPresenter.swift */ = {isa = PBXFileReference; includeInIndex = 1; lastKnownFileType = sourcecode.swift; path = MainPresenter.swift; sourceTree = "<group>"; };
		32BCF65326BAAFC299126E39 /* MainRouter.swift */ = {isa = PBXFileReference; includeInIndex = 1; lastKnownFileType = sourcecode.swift; path = MainRouter.swift; sourceTree = "<group>"; };
		4103022F6A63476BF04FB0E2 /* MainViewInput.swift */ = {isa = PBXFileReference; includeInIndex = 1; lastKnownFileType = sourcecode.swift; path = MainViewInput.swift; sourceTree = "<group>"; };
		49C491AFB56BFA73BB1CFE15 /* MainInteractorTests.swift */ = {isa = PBXFileReference; includeInIndex = 1; lastKnownFileType = sourcecode.swift; path = MainInteractorTests.swift; sourceTree = "<group>"; };
		653F2371690751A9F6942AAA /* MainViewTests.swift */ = {isa = PBXFileReference; includeInIndex = 1; lastKnownFileType = sourcecode.swift; path = MainViewTests.swift; sourceTree = "<group>"; };
		6B90B9851BCE989EC18B09AD /* MainConfigurator.swift */ = {isa = PBXFileReference; includeInIndex = 1; lastKnownFileType = sourcecode.swift; path = MainConfigurator.swift; sourceTree = "<group>"; };
		7DD6CAA02153F5C4002C63BC /* RevolutTestApp.app */ = {isa = PBXFileReference; explicitFileType = wrapper.application; includeInIndex = 0; path = RevolutTestApp.app; sourceTree = BUILT_PRODUCTS_DIR; };
		7DD6CAA32153F5C4002C63BC /* AppDelegate.swift */ = {isa = PBXFileReference; lastKnownFileType = sourcecode.swift; path = AppDelegate.swift; sourceTree = "<group>"; };
		7DD6CAAA2153F5C6002C63BC /* Assets.xcassets */ = {isa = PBXFileReference; lastKnownFileType = folder.assetcatalog; path = Assets.xcassets; sourceTree = "<group>"; };
		7DD6CAAD2153F5C6002C63BC /* Base */ = {isa = PBXFileReference; lastKnownFileType = file.storyboard; name = Base; path = Base.lproj/LaunchScreen.storyboard; sourceTree = "<group>"; };
		7DD6CAAF2153F5C6002C63BC /* Info.plist */ = {isa = PBXFileReference; lastKnownFileType = text.plist.xml; path = Info.plist; sourceTree = "<group>"; };
		7DD6CAB42153F5C7002C63BC /* RevolutTestAppTests.xctest */ = {isa = PBXFileReference; explicitFileType = wrapper.cfbundle; includeInIndex = 0; path = RevolutTestAppTests.xctest; sourceTree = BUILT_PRODUCTS_DIR; };
		7DD6CAB82153F5C7002C63BC /* RevolutTestAppTests.swift */ = {isa = PBXFileReference; lastKnownFileType = sourcecode.swift; path = RevolutTestAppTests.swift; sourceTree = "<group>"; };
		7DD6CABA2153F5C7002C63BC /* Info.plist */ = {isa = PBXFileReference; lastKnownFileType = text.plist.xml; path = Info.plist; sourceTree = "<group>"; };
		7DD6CABF2153F5C7002C63BC /* RevolutTestAppUITests.xctest */ = {isa = PBXFileReference; explicitFileType = wrapper.cfbundle; includeInIndex = 0; path = RevolutTestAppUITests.xctest; sourceTree = BUILT_PRODUCTS_DIR; };
		7DD6CAC32153F5C7002C63BC /* RevolutTestAppUITests.swift */ = {isa = PBXFileReference; lastKnownFileType = sourcecode.swift; path = RevolutTestAppUITests.swift; sourceTree = "<group>"; };
		7DD6CAC52153F5C7002C63BC /* Info.plist */ = {isa = PBXFileReference; lastKnownFileType = text.plist.xml; path = Info.plist; sourceTree = "<group>"; };
		7DD6CAD921542F6A002C63BC /* BaseViewProtocol.swift */ = {isa = PBXFileReference; lastKnownFileType = sourcecode.swift; path = BaseViewProtocol.swift; sourceTree = "<group>"; };
		7DD6CADD21542FF5002C63BC /* Main.storyboard */ = {isa = PBXFileReference; lastKnownFileType = file.storyboard; path = Main.storyboard; sourceTree = "<group>"; };
		7DD6CAEC21543592002C63BC /* CurrencyTableViewCell.swift */ = {isa = PBXFileReference; lastKnownFileType = sourcecode.swift; path = CurrencyTableViewCell.swift; sourceTree = "<group>"; };
		7DD6CAED21543592002C63BC /* CurrencyTableViewCell.xib */ = {isa = PBXFileReference; lastKnownFileType = file.xib; path = CurrencyTableViewCell.xib; sourceTree = "<group>"; };
		7DD6CAF22154388F002C63BC /* CustomTextField.swift */ = {isa = PBXFileReference; lastKnownFileType = sourcecode.swift; path = CustomTextField.swift; sourceTree = "<group>"; };
		7DD6CAFD21585C0E002C63BC /* TableViewMaker.swift */ = {isa = PBXFileReference; lastKnownFileType = sourcecode.swift; path = TableViewMaker.swift; sourceTree = "<group>"; };
		7DD6CAFF21585D50002C63BC /* CollectionViewOwner.swift */ = {isa = PBXFileReference; lastKnownFileType = sourcecode.swift; path = CollectionViewOwner.swift; sourceTree = "<group>"; };
		7DD6CB02215902F0002C63BC /* MainViewModel.swift */ = {isa = PBXFileReference; lastKnownFileType = sourcecode.swift; path = MainViewModel.swift; sourceTree = "<group>"; };
		7DD6CB042159036F002C63BC /* CurrencyModel.swift */ = {isa = PBXFileReference; lastKnownFileType = sourcecode.swift; path = CurrencyModel.swift; sourceTree = "<group>"; };
		7DD6CB07215906A9002C63BC /* Request.swift */ = {isa = PBXFileReference; lastKnownFileType = sourcecode.swift; path = Request.swift; sourceTree = "<group>"; };
		7DD6CB092159078B002C63BC /* Events.swift */ = {isa = PBXFileReference; lastKnownFileType = sourcecode.swift; path = Events.swift; sourceTree = "<group>"; };
		7DD6CB0B21590AB5002C63BC /* Error.swift */ = {isa = PBXFileReference; lastKnownFileType = sourcecode.swift; path = Error.swift; sourceTree = "<group>"; };
		8AE96B4981D9B43B5AC597CE /* MainRouterTests.swift */ = {isa = PBXFileReference; includeInIndex = 1; lastKnownFileType = sourcecode.swift; path = MainRouterTests.swift; sourceTree = "<group>"; };
		9673409CE249670F07FFE8F8 /* MainInteractorOutput.swift */ = {isa = PBXFileReference; includeInIndex = 1; lastKnownFileType = sourcecode.swift; path = MainInteractorOutput.swift; sourceTree = "<group>"; };
		9C48F71876D5BB3B02A9FBDE /* MainInitializer.swift */ = {isa = PBXFileReference; includeInIndex = 1; lastKnownFileType = sourcecode.swift; path = MainInitializer.swift; sourceTree = "<group>"; };
		A0CDE7708C27C4E58FCCF152 /* MainPresenterTests.swift */ = {isa = PBXFileReference; includeInIndex = 1; lastKnownFileType = sourcecode.swift; path = MainPresenterTests.swift; sourceTree = "<group>"; };
		AB2F39A31CA6EE33132FEE9E /* MainModuleInput.swift */ = {isa = PBXFileReference; includeInIndex = 1; lastKnownFileType = sourcecode.swift; path = MainModuleInput.swift; sourceTree = "<group>"; };
		C5BE2108996EA99B4B42D26B /* MainConfiguratorTests.swift */ = {isa = PBXFileReference; includeInIndex = 1; lastKnownFileType = sourcecode.swift; path = MainConfiguratorTests.swift; sourceTree = "<group>"; };
		CCBC9C38D2C2C967EAE8E94B /* MainViewOutput.swift */ = {isa = PBXFileReference; includeInIndex = 1; lastKnownFileType = sourcecode.swift; path = MainViewOutput.swift; sourceTree = "<group>"; };
		D5288988990E5D66FEFCB0AC /* MainRouterInput.swift */ = {isa = PBXFileReference; includeInIndex = 1; lastKnownFileType = sourcecode.swift; path = MainRouterInput.swift; sourceTree = "<group>"; };
		DFF032D8662191F7C9668ED5 /* MainViewController.swift */ = {isa = PBXFileReference; includeInIndex = 1; lastKnownFileType = sourcecode.swift; path = MainViewController.swift; sourceTree = "<group>"; };
		EB1C7898D592E2253C95BA9C /* MainInteractor.swift */ = {isa = PBXFileReference; includeInIndex = 1; lastKnownFileType = sourcecode.swift; path = MainInteractor.swift; sourceTree = "<group>"; };
/* End PBXFileReference section */

/* Begin PBXFrameworksBuildPhase section */
		7DD6CA9D2153F5C4002C63BC /* Frameworks */ = {
			isa = PBXFrameworksBuildPhase;
			buildActionMask = 2147483647;
			files = (
			);
			runOnlyForDeploymentPostprocessing = 0;
		};
		7DD6CAB12153F5C7002C63BC /* Frameworks */ = {
			isa = PBXFrameworksBuildPhase;
			buildActionMask = 2147483647;
			files = (
			);
			runOnlyForDeploymentPostprocessing = 0;
		};
		7DD6CABC2153F5C7002C63BC /* Frameworks */ = {
			isa = PBXFrameworksBuildPhase;
			buildActionMask = 2147483647;
			files = (
			);
			runOnlyForDeploymentPostprocessing = 0;
		};
/* End PBXFrameworksBuildPhase section */

/* Begin PBXGroup section */
		072AD5D64E3EA2FBD36D4224 /* Presenter */ = {
			isa = PBXGroup;
			children = (
				AB2F39A31CA6EE33132FEE9E /* MainModuleInput.swift */,
				2EF96A16B019B7280F3BA53D /* MainPresenter.swift */,
			);
			path = Presenter;
			sourceTree = "<group>";
		};
		2028E5FF25547E22BB60EC2C /* Router */ = {
			isa = PBXGroup;
			children = (
				8AE96B4981D9B43B5AC597CE /* MainRouterTests.swift */,
			);
			path = Router;
			sourceTree = "<group>";
		};
		32B368AA807ACE572F1AC104 /* Configurator */ = {
			isa = PBXGroup;
			children = (
				6B90B9851BCE989EC18B09AD /* MainConfigurator.swift */,
				9C48F71876D5BB3B02A9FBDE /* MainInitializer.swift */,
			);
			path = Configurator;
			sourceTree = "<group>";
		};
		34A010A82D770D10FCACA58C /* View */ = {
			isa = PBXGroup;
			children = (
				7DD6CADC21542FE7002C63BC /* Storyboard */,
				4103022F6A63476BF04FB0E2 /* MainViewInput.swift */,
				CCBC9C38D2C2C967EAE8E94B /* MainViewOutput.swift */,
				DFF032D8662191F7C9668ED5 /* MainViewController.swift */,
			);
			path = View;
			sourceTree = "<group>";
		};
		3F184B83459E946B33C29568 /* Main */ = {
			isa = PBXGroup;
			children = (
				7DD6CAFC21585BE7002C63BC /* TableViewMaker */,
				34A010A82D770D10FCACA58C /* View */,
				072AD5D64E3EA2FBD36D4224 /* Presenter */,
				DD1B742CA73EA677FD58B34F /* Interactor */,
				C9D4971314139B7EE4FC13B8 /* Router */,
				32B368AA807ACE572F1AC104 /* Configurator */,
				7DD6CB01215902D7002C63BC /* ViewModel */,
			);
			path = Main;
			sourceTree = "<group>";
		};
		4393C5C2390E703820FBA43C /* Configurator */ = {
			isa = PBXGroup;
			children = (
				C5BE2108996EA99B4B42D26B /* MainConfiguratorTests.swift */,
			);
			path = Configurator;
			sourceTree = "<group>";
		};
		7DD6CA972153F5C4002C63BC = {
			isa = PBXGroup;
			children = (
				7DD6CAA22153F5C4002C63BC /* RevolutTestApp */,
				7DD6CAB72153F5C7002C63BC /* RevolutTestAppTests */,
				7DD6CAC22153F5C7002C63BC /* RevolutTestAppUITests */,
				7DD6CAA12153F5C4002C63BC /* Products */,
			);
			sourceTree = "<group>";
		};
		7DD6CAA12153F5C4002C63BC /* Products */ = {
			isa = PBXGroup;
			children = (
				7DD6CAA02153F5C4002C63BC /* RevolutTestApp.app */,
				7DD6CAB42153F5C7002C63BC /* RevolutTestAppTests.xctest */,
				7DD6CABF2153F5C7002C63BC /* RevolutTestAppUITests.xctest */,
			);
			name = Products;
			sourceTree = "<group>";
		};
		7DD6CAA22153F5C4002C63BC /* RevolutTestApp */ = {
			isa = PBXGroup;
			children = (
				7DD6CAD521542EC6002C63BC /* Base */,
				7DD6CB0621590657002C63BC /* Data */,
				3F184B83459E946B33C29568 /* Main */,
				7DD6CAF02154385A002C63BC /* Views */,
				7DD6CAD421542DE5002C63BC /* Misc */,
				7DD6CAD221542DAA002C63BC /* Supporting Files */,
				7DD6CAA32153F5C4002C63BC /* AppDelegate.swift */,
			);
			path = RevolutTestApp;
			sourceTree = "<group>";
		};
		7DD6CAB72153F5C7002C63BC /* RevolutTestAppTests */ = {
			isa = PBXGroup;
			children = (
				7DD6CAB82153F5C7002C63BC /* RevolutTestAppTests.swift */,
				7DD6CABA2153F5C7002C63BC /* Info.plist */,
				D4B7C44891C8F6F95EFFBB82 /* Main */,
			);
			path = RevolutTestAppTests;
			sourceTree = "<group>";
		};
		7DD6CAC22153F5C7002C63BC /* RevolutTestAppUITests */ = {
			isa = PBXGroup;
			children = (
				7DD6CAC32153F5C7002C63BC /* RevolutTestAppUITests.swift */,
				7DD6CAC52153F5C7002C63BC /* Info.plist */,
			);
			path = RevolutTestAppUITests;
			sourceTree = "<group>";
		};
		7DD6CAD221542DAA002C63BC /* Supporting Files */ = {
			isa = PBXGroup;
			children = (
				7DD6CAAF2153F5C6002C63BC /* Info.plist */,
			);
			path = "Supporting Files";
			sourceTree = "<group>";
		};
		7DD6CAD421542DE5002C63BC /* Misc */ = {
			isa = PBXGroup;
			children = (
				7DD6CAAC2153F5C6002C63BC /* LaunchScreen.storyboard */,
				7DD6CAAA2153F5C6002C63BC /* Assets.xcassets */,
			);
			path = Misc;
			sourceTree = "<group>";
		};
		7DD6CAD521542EC6002C63BC /* Base */ = {
			isa = PBXGroup;
			children = (
				7DD6CADB21542FD9002C63BC /* Protocols */,
			);
			path = Base;
			sourceTree = "<group>";
		};
		7DD6CADB21542FD9002C63BC /* Protocols */ = {
			isa = PBXGroup;
			children = (
				7DD6CAD921542F6A002C63BC /* BaseViewProtocol.swift */,
				7DD6CAFF21585D50002C63BC /* CollectionViewOwner.swift */,
			);
			path = Protocols;
			sourceTree = "<group>";
		};
		7DD6CADC21542FE7002C63BC /* Storyboard */ = {
			isa = PBXGroup;
			children = (
				7DD6CADD21542FF5002C63BC /* Main.storyboard */,
			);
			path = Storyboard;
			sourceTree = "<group>";
		};
		7DD6CAEA21543562002C63BC /* Cells */ = {
			isa = PBXGroup;
			children = (
				7DD6CAEB2154356B002C63BC /* CurrencyCell */,
			);
			path = Cells;
			sourceTree = "<group>";
		};
		7DD6CAEB2154356B002C63BC /* CurrencyCell */ = {
			isa = PBXGroup;
			children = (
				7DD6CAEC21543592002C63BC /* CurrencyTableViewCell.swift */,
				7DD6CAED21543592002C63BC /* CurrencyTableViewCell.xib */,
			);
			path = CurrencyCell;
			sourceTree = "<group>";
		};
		7DD6CAF02154385A002C63BC /* Views */ = {
			isa = PBXGroup;
			children = (
				7DD6CAF12154386E002C63BC /* CustomTextField */,
				7DD6CAEA21543562002C63BC /* Cells */,
			);
			path = Views;
			sourceTree = "<group>";
		};
		7DD6CAF12154386E002C63BC /* CustomTextField */ = {
			isa = PBXGroup;
			children = (
				7DD6CAF22154388F002C63BC /* CustomTextField.swift */,
			);
			path = CustomTextField;
			sourceTree = "<group>";
		};
		7DD6CAFC21585BE7002C63BC /* TableViewMaker */ = {
			isa = PBXGroup;
			children = (
				7DD6CAFD21585C0E002C63BC /* TableViewMaker.swift */,
			);
			path = TableViewMaker;
			sourceTree = "<group>";
		};
		7DD6CB01215902D7002C63BC /* ViewModel */ = {
			isa = PBXGroup;
			children = (
				7DD6CB02215902F0002C63BC /* MainViewModel.swift */,
				7DD6CB042159036F002C63BC /* CurrencyModel.swift */,
			);
			path = ViewModel;
			sourceTree = "<group>";
		};
		7DD6CB0621590657002C63BC /* Data */ = {
			isa = PBXGroup;
			children = (
				7DD6CB07215906A9002C63BC /* Request.swift */,
				7DD6CB092159078B002C63BC /* Events.swift */,
				7DD6CB0B21590AB5002C63BC /* Error.swift */,
			);
			path = Data;
			sourceTree = "<group>";
		};
		8BAFA09DA1D89988747B7BEB /* Presenter */ = {
			isa = PBXGroup;
			children = (
				A0CDE7708C27C4E58FCCF152 /* MainPresenterTests.swift */,
			);
			path = Presenter;
			sourceTree = "<group>";
		};
		C4475746E146A1B71636292C /* View */ = {
			isa = PBXGroup;
			children = (
				653F2371690751A9F6942AAA /* MainViewTests.swift */,
			);
			path = View;
			sourceTree = "<group>";
		};
		C9D4971314139B7EE4FC13B8 /* Router */ = {
			isa = PBXGroup;
			children = (
				D5288988990E5D66FEFCB0AC /* MainRouterInput.swift */,
				32BCF65326BAAFC299126E39 /* MainRouter.swift */,
			);
			path = Router;
			sourceTree = "<group>";
		};
		D4B7C44891C8F6F95EFFBB82 /* Main */ = {
			isa = PBXGroup;
			children = (
				4393C5C2390E703820FBA43C /* Configurator */,
				C4475746E146A1B71636292C /* View */,
				FB1C556E28CD7472766C7B7A /* Interactor */,
				8BAFA09DA1D89988747B7BEB /* Presenter */,
				2028E5FF25547E22BB60EC2C /* Router */,
			);
			path = Main;
			sourceTree = "<group>";
		};
		DD1B742CA73EA677FD58B34F /* Interactor */ = {
			isa = PBXGroup;
			children = (
				2557C5934E27C5DAABDC51E0 /* MainInteractorInput.swift */,
				9673409CE249670F07FFE8F8 /* MainInteractorOutput.swift */,
				EB1C7898D592E2253C95BA9C /* MainInteractor.swift */,
			);
			path = Interactor;
			sourceTree = "<group>";
		};
		FB1C556E28CD7472766C7B7A /* Interactor */ = {
			isa = PBXGroup;
			children = (
				49C491AFB56BFA73BB1CFE15 /* MainInteractorTests.swift */,
			);
			path = Interactor;
			sourceTree = "<group>";
		};
/* End PBXGroup section */

/* Begin PBXNativeTarget section */
		7DD6CA9F2153F5C4002C63BC /* RevolutTestApp */ = {
			isa = PBXNativeTarget;
			buildConfigurationList = 7DD6CAC82153F5C7002C63BC /* Build configuration list for PBXNativeTarget "RevolutTestApp" */;
			buildPhases = (
				7DD6CA9C2153F5C4002C63BC /* Sources */,
				7DD6CA9D2153F5C4002C63BC /* Frameworks */,
				7DD6CA9E2153F5C4002C63BC /* Resources */,
			);
			buildRules = (
			);
			dependencies = (
			);
			name = RevolutTestApp;
			productName = RevolutTestApp;
			productReference = 7DD6CAA02153F5C4002C63BC /* RevolutTestApp.app */;
			productType = "com.apple.product-type.application";
		};
		7DD6CAB32153F5C7002C63BC /* RevolutTestAppTests */ = {
			isa = PBXNativeTarget;
			buildConfigurationList = 7DD6CACB2153F5C7002C63BC /* Build configuration list for PBXNativeTarget "RevolutTestAppTests" */;
			buildPhases = (
				7DD6CAB02153F5C7002C63BC /* Sources */,
				7DD6CAB12153F5C7002C63BC /* Frameworks */,
				7DD6CAB22153F5C7002C63BC /* Resources */,
			);
			buildRules = (
			);
			dependencies = (
				7DD6CAB62153F5C7002C63BC /* PBXTargetDependency */,
			);
			name = RevolutTestAppTests;
			productName = RevolutTestAppTests;
			productReference = 7DD6CAB42153F5C7002C63BC /* RevolutTestAppTests.xctest */;
			productType = "com.apple.product-type.bundle.unit-test";
		};
		7DD6CABE2153F5C7002C63BC /* RevolutTestAppUITests */ = {
			isa = PBXNativeTarget;
			buildConfigurationList = 7DD6CACE2153F5C7002C63BC /* Build configuration list for PBXNativeTarget "RevolutTestAppUITests" */;
			buildPhases = (
				7DD6CABB2153F5C7002C63BC /* Sources */,
				7DD6CABC2153F5C7002C63BC /* Frameworks */,
				7DD6CABD2153F5C7002C63BC /* Resources */,
			);
			buildRules = (
			);
			dependencies = (
				7DD6CAC12153F5C7002C63BC /* PBXTargetDependency */,
			);
			name = RevolutTestAppUITests;
			productName = RevolutTestAppUITests;
			productReference = 7DD6CABF2153F5C7002C63BC /* RevolutTestAppUITests.xctest */;
			productType = "com.apple.product-type.bundle.ui-testing";
		};
/* End PBXNativeTarget section */

/* Begin PBXProject section */
		7DD6CA982153F5C4002C63BC /* Project object */ = {
			isa = PBXProject;
			attributes = {
				LastSwiftUpdateCheck = 1000;
				LastUpgradeCheck = 1000;
				ORGANIZATIONNAME = victorbogatyrev;
				TargetAttributes = {
					7DD6CA9F2153F5C4002C63BC = {
						CreatedOnToolsVersion = 10.0;
						ProvisioningStyle = Automatic;
					};
					7DD6CAB32153F5C7002C63BC = {
						CreatedOnToolsVersion = 10.0;
						ProvisioningStyle = Automatic;
						TestTargetID = 7DD6CA9F2153F5C4002C63BC;
					};
					7DD6CABE2153F5C7002C63BC = {
						CreatedOnToolsVersion = 10.0;
						ProvisioningStyle = Automatic;
						TestTargetID = 7DD6CA9F2153F5C4002C63BC;
					};
				};
			};
			buildConfigurationList = 7DD6CA9B2153F5C4002C63BC /* Build configuration list for PBXProject "RevolutTestApp" */;
			compatibilityVersion = "Xcode 8.0";
			developmentRegion = en;
			hasScannedForEncodings = 0;
			knownRegions = (
				en,
				Base,
			);
			mainGroup = 7DD6CA972153F5C4002C63BC;
			productRefGroup = 7DD6CAA12153F5C4002C63BC /* Products */;
			projectDirPath = "";
			projectRoot = "";
			targets = (
				7DD6CA9F2153F5C4002C63BC /* RevolutTestApp */,
				7DD6CAB32153F5C7002C63BC /* RevolutTestAppTests */,
				7DD6CABE2153F5C7002C63BC /* RevolutTestAppUITests */,
			);
		};
/* End PBXProject section */

/* Begin PBXResourcesBuildPhase section */
		7DD6CA9E2153F5C4002C63BC /* Resources */ = {
			isa = PBXResourcesBuildPhase;
			buildActionMask = 2147483647;
			files = (
				7DD6CAEF21543592002C63BC /* CurrencyTableViewCell.xib in Resources */,
				7DD6CADE21542FF5002C63BC /* Main.storyboard in Resources */,
				7DD6CAAE2153F5C6002C63BC /* LaunchScreen.storyboard in Resources */,
				7DD6CAAB2153F5C6002C63BC /* Assets.xcassets in Resources */,
			);
			runOnlyForDeploymentPostprocessing = 0;
		};
		7DD6CAB22153F5C7002C63BC /* Resources */ = {
			isa = PBXResourcesBuildPhase;
			buildActionMask = 2147483647;
			files = (
			);
			runOnlyForDeploymentPostprocessing = 0;
		};
		7DD6CABD2153F5C7002C63BC /* Resources */ = {
			isa = PBXResourcesBuildPhase;
			buildActionMask = 2147483647;
			files = (
			);
			runOnlyForDeploymentPostprocessing = 0;
		};
/* End PBXResourcesBuildPhase section */

/* Begin PBXSourcesBuildPhase section */
		7DD6CA9C2153F5C4002C63BC /* Sources */ = {
			isa = PBXSourcesBuildPhase;
			buildActionMask = 2147483647;
			files = (
				7DD6CAA42153F5C4002C63BC /* AppDelegate.swift in Sources */,
				FD4D03D8120DE98E22FEBB88 /* MainViewInput.swift in Sources */,
				7DD6CB0C21590AB5002C63BC /* Error.swift in Sources */,
				DCB6ACD198DB4C5B80678270 /* MainViewOutput.swift in Sources */,
				3402A65116E6D867EE17919D /* MainViewController.swift in Sources */,
				7DD6CB08215906A9002C63BC /* Request.swift in Sources */,
				7DD6CAF32154388F002C63BC /* CustomTextField.swift in Sources */,
				7DD6CAFE21585C0E002C63BC /* TableViewMaker.swift in Sources */,
				472BB73B3640EDBD1B47638B /* MainModuleInput.swift in Sources */,
				ACE0A005C4DBDA5A3D3A1F0E /* MainPresenter.swift in Sources */,
				649FFB4F207452CF0AED0DE7 /* MainInteractorInput.swift in Sources */,
				783284B9DB8F4861FF952BA4 /* MainInteractorOutput.swift in Sources */,
				7DD6CB052159036F002C63BC /* CurrencyModel.swift in Sources */,
				7DD6CB0A2159078B002C63BC /* Events.swift in Sources */,
				7DD6CADA21542F6A002C63BC /* BaseViewProtocol.swift in Sources */,
				DECA46A542C786C14489D64D /* MainInteractor.swift in Sources */,
				7DD6CB0021585D50002C63BC /* CollectionViewOwner.swift in Sources */,
				7DD6CB03215902F0002C63BC /* MainViewModel.swift in Sources */,
				879670E712A87B06A2E372AB /* MainRouterInput.swift in Sources */,
				A96DB44892A4DBBF44AC9CF4 /* MainRouter.swift in Sources */,
				1F3B264A6EF90DE21822DBDF /* MainConfigurator.swift in Sources */,
				7DD6CAEE21543592002C63BC /* CurrencyTableViewCell.swift in Sources */,
				39B551965D3F57ED48905C75 /* MainInitializer.swift in Sources */,
			);
			runOnlyForDeploymentPostprocessing = 0;
		};
		7DD6CAB02153F5C7002C63BC /* Sources */ = {
			isa = PBXSourcesBuildPhase;
			buildActionMask = 2147483647;
			files = (
				7DD6CAE8215433B9002C63BC /* MainViewOutput.swift in Sources */,
				7DD6CAE621543390002C63BC /* MainRouterInput.swift in Sources */,
				7DD6CAB92153F5C7002C63BC /* RevolutTestAppTests.swift in Sources */,
				BAFB0ED26CEBA1DE69E8ABC8 /* MainConfiguratorTests.swift in Sources */,
				7DD6CAE42154337F002C63BC /* MainInteractorOutput.swift in Sources */,
				7DD6CAE52154338A002C63BC /* MainInteractorInput.swift in Sources */,
				A874DB8BC9E28F2FA093F4D8 /* MainViewTests.swift in Sources */,
				931DF90BF919F9071CC25094 /* MainInteractorTests.swift in Sources */,
				7DD6CADF21543321002C63BC /* MainConfigurator.swift in Sources */,
				7DD6CAE22154335D002C63BC /* MainPresenter.swift in Sources */,
				7DD6CAE121543358002C63BC /* MainInteractor.swift in Sources */,
				F791046D1C631ECC86E72CD9 /* MainPresenterTests.swift in Sources */,
				7DD6CAE721543393002C63BC /* MainViewInput.swift in Sources */,
				4C57D36779164E951DDD157B /* MainRouterTests.swift in Sources */,
				7DD6CAE321543366002C63BC /* MainRouter.swift in Sources */,
				7DD6CAE9215433BD002C63BC /* MainModuleInput.swift in Sources */,
				7DD6CAE021543348002C63BC /* MainViewController.swift in Sources */,
			);
			runOnlyForDeploymentPostprocessing = 0;
		};
		7DD6CABB2153F5C7002C63BC /* Sources */ = {
			isa = PBXSourcesBuildPhase;
			buildActionMask = 2147483647;
			files = (
				7DD6CAC42153F5C7002C63BC /* RevolutTestAppUITests.swift in Sources */,
			);
			runOnlyForDeploymentPostprocessing = 0;
		};
/* End PBXSourcesBuildPhase section */

/* Begin PBXTargetDependency section */
		7DD6CAB62153F5C7002C63BC /* PBXTargetDependency */ = {
			isa = PBXTargetDependency;
			target = 7DD6CA9F2153F5C4002C63BC /* RevolutTestApp */;
			targetProxy = 7DD6CAB52153F5C7002C63BC /* PBXContainerItemProxy */;
		};
		7DD6CAC12153F5C7002C63BC /* PBXTargetDependency */ = {
			isa = PBXTargetDependency;
			target = 7DD6CA9F2153F5C4002C63BC /* RevolutTestApp */;
			targetProxy = 7DD6CAC02153F5C7002C63BC /* PBXContainerItemProxy */;
		};
/* End PBXTargetDependency section */

/* Begin PBXVariantGroup section */
		7DD6CAAC2153F5C6002C63BC /* LaunchScreen.storyboard */ = {
			isa = PBXVariantGroup;
			children = (
				7DD6CAAD2153F5C6002C63BC /* Base */,
			);
			name = LaunchScreen.storyboard;
			sourceTree = "<group>";
		};
/* End PBXVariantGroup section */

/* Begin XCBuildConfiguration section */
		7DD6CAC62153F5C7002C63BC /* Debug */ = {
			isa = XCBuildConfiguration;
			buildSettings = {
				ALWAYS_SEARCH_USER_PATHS = NO;
				CLANG_ANALYZER_NONNULL = YES;
				CLANG_ANALYZER_NUMBER_OBJECT_CONVERSION = YES_AGGRESSIVE;
				CLANG_CXX_LANGUAGE_STANDARD = "gnu++14";
				CLANG_CXX_LIBRARY = "libc++";
				CLANG_ENABLE_MODULES = YES;
				CLANG_ENABLE_OBJC_ARC = YES;
				CLANG_ENABLE_OBJC_WEAK = YES;
				CLANG_WARN_BLOCK_CAPTURE_AUTORELEASING = YES;
				CLANG_WARN_BOOL_CONVERSION = YES;
				CLANG_WARN_COMMA = YES;
				CLANG_WARN_CONSTANT_CONVERSION = YES;
				CLANG_WARN_DEPRECATED_OBJC_IMPLEMENTATIONS = YES;
				CLANG_WARN_DIRECT_OBJC_ISA_USAGE = YES_ERROR;
				CLANG_WARN_DOCUMENTATION_COMMENTS = YES;
				CLANG_WARN_EMPTY_BODY = YES;
				CLANG_WARN_ENUM_CONVERSION = YES;
				CLANG_WARN_INFINITE_RECURSION = YES;
				CLANG_WARN_INT_CONVERSION = YES;
				CLANG_WARN_NON_LITERAL_NULL_CONVERSION = YES;
				CLANG_WARN_OBJC_IMPLICIT_RETAIN_SELF = YES;
				CLANG_WARN_OBJC_LITERAL_CONVERSION = YES;
				CLANG_WARN_OBJC_ROOT_CLASS = YES_ERROR;
				CLANG_WARN_RANGE_LOOP_ANALYSIS = YES;
				CLANG_WARN_STRICT_PROTOTYPES = YES;
				CLANG_WARN_SUSPICIOUS_MOVE = YES;
				CLANG_WARN_UNGUARDED_AVAILABILITY = YES_AGGRESSIVE;
				CLANG_WARN_UNREACHABLE_CODE = YES;
				CLANG_WARN__DUPLICATE_METHOD_MATCH = YES;
				CODE_SIGN_IDENTITY = "iPhone Developer";
				COPY_PHASE_STRIP = NO;
				DEBUG_INFORMATION_FORMAT = dwarf;
				ENABLE_STRICT_OBJC_MSGSEND = YES;
				ENABLE_TESTABILITY = YES;
				GCC_C_LANGUAGE_STANDARD = gnu11;
				GCC_DYNAMIC_NO_PIC = NO;
				GCC_NO_COMMON_BLOCKS = YES;
				GCC_OPTIMIZATION_LEVEL = 0;
				GCC_PREPROCESSOR_DEFINITIONS = (
					"DEBUG=1",
					"$(inherited)",
				);
				GCC_WARN_64_TO_32_BIT_CONVERSION = YES;
				GCC_WARN_ABOUT_RETURN_TYPE = YES_ERROR;
				GCC_WARN_UNDECLARED_SELECTOR = YES;
				GCC_WARN_UNINITIALIZED_AUTOS = YES_AGGRESSIVE;
				GCC_WARN_UNUSED_FUNCTION = YES;
				GCC_WARN_UNUSED_VARIABLE = YES;
				IPHONEOS_DEPLOYMENT_TARGET = 12.0;
				MTL_ENABLE_DEBUG_INFO = INCLUDE_SOURCE;
				MTL_FAST_MATH = YES;
				ONLY_ACTIVE_ARCH = YES;
				SDKROOT = iphoneos;
				SWIFT_ACTIVE_COMPILATION_CONDITIONS = DEBUG;
				SWIFT_OPTIMIZATION_LEVEL = "-Onone";
			};
			name = Debug;
		};
		7DD6CAC72153F5C7002C63BC /* Release */ = {
			isa = XCBuildConfiguration;
			buildSettings = {
				ALWAYS_SEARCH_USER_PATHS = NO;
				CLANG_ANALYZER_NONNULL = YES;
				CLANG_ANALYZER_NUMBER_OBJECT_CONVERSION = YES_AGGRESSIVE;
				CLANG_CXX_LANGUAGE_STANDARD = "gnu++14";
				CLANG_CXX_LIBRARY = "libc++";
				CLANG_ENABLE_MODULES = YES;
				CLANG_ENABLE_OBJC_ARC = YES;
				CLANG_ENABLE_OBJC_WEAK = YES;
				CLANG_WARN_BLOCK_CAPTURE_AUTORELEASING = YES;
				CLANG_WARN_BOOL_CONVERSION = YES;
				CLANG_WARN_COMMA = YES;
				CLANG_WARN_CONSTANT_CONVERSION = YES;
				CLANG_WARN_DEPRECATED_OBJC_IMPLEMENTATIONS = YES;
				CLANG_WARN_DIRECT_OBJC_ISA_USAGE = YES_ERROR;
				CLANG_WARN_DOCUMENTATION_COMMENTS = YES;
				CLANG_WARN_EMPTY_BODY = YES;
				CLANG_WARN_ENUM_CONVERSION = YES;
				CLANG_WARN_INFINITE_RECURSION = YES;
				CLANG_WARN_INT_CONVERSION = YES;
				CLANG_WARN_NON_LITERAL_NULL_CONVERSION = YES;
				CLANG_WARN_OBJC_IMPLICIT_RETAIN_SELF = YES;
				CLANG_WARN_OBJC_LITERAL_CONVERSION = YES;
				CLANG_WARN_OBJC_ROOT_CLASS = YES_ERROR;
				CLANG_WARN_RANGE_LOOP_ANALYSIS = YES;
				CLANG_WARN_STRICT_PROTOTYPES = YES;
				CLANG_WARN_SUSPICIOUS_MOVE = YES;
				CLANG_WARN_UNGUARDED_AVAILABILITY = YES_AGGRESSIVE;
				CLANG_WARN_UNREACHABLE_CODE = YES;
				CLANG_WARN__DUPLICATE_METHOD_MATCH = YES;
				CODE_SIGN_IDENTITY = "iPhone Developer";
				COPY_PHASE_STRIP = NO;
				DEBUG_INFORMATION_FORMAT = "dwarf-with-dsym";
				ENABLE_NS_ASSERTIONS = NO;
				ENABLE_STRICT_OBJC_MSGSEND = YES;
				GCC_C_LANGUAGE_STANDARD = gnu11;
				GCC_NO_COMMON_BLOCKS = YES;
				GCC_WARN_64_TO_32_BIT_CONVERSION = YES;
				GCC_WARN_ABOUT_RETURN_TYPE = YES_ERROR;
				GCC_WARN_UNDECLARED_SELECTOR = YES;
				GCC_WARN_UNINITIALIZED_AUTOS = YES_AGGRESSIVE;
				GCC_WARN_UNUSED_FUNCTION = YES;
				GCC_WARN_UNUSED_VARIABLE = YES;
				IPHONEOS_DEPLOYMENT_TARGET = 12.0;
				MTL_ENABLE_DEBUG_INFO = NO;
				MTL_FAST_MATH = YES;
				SDKROOT = iphoneos;
				SWIFT_OPTIMIZATION_LEVEL = "-Owholemodule";
				VALIDATE_PRODUCT = YES;
			};
			name = Release;
		};
		7DD6CAC92153F5C7002C63BC /* Debug */ = {
			isa = XCBuildConfiguration;
			buildSettings = {
				ASSETCATALOG_COMPILER_APPICON_NAME = AppIcon;
				CODE_SIGN_STYLE = Automatic;
				DEVELOPMENT_TEAM = KW8XLSK27E;
				INFOPLIST_FILE = "$(SRCROOT)/RevolutTestApp/Supporting Files/Info.plist";
				IPHONEOS_DEPLOYMENT_TARGET = 10.0;
				LD_RUNPATH_SEARCH_PATHS = "$(inherited) @executable_path/Frameworks";
				PRODUCT_BUNDLE_IDENTIFIER = com.victorbogatyrev.RevolutTestApp;
				PRODUCT_NAME = "$(TARGET_NAME)";
				SWIFT_VERSION = 4.2;
				TARGETED_DEVICE_FAMILY = 1;
			};
			name = Debug;
		};
		7DD6CACA2153F5C7002C63BC /* Release */ = {
			isa = XCBuildConfiguration;
			buildSettings = {
				ASSETCATALOG_COMPILER_APPICON_NAME = AppIcon;
				CODE_SIGN_STYLE = Automatic;
				DEVELOPMENT_TEAM = KW8XLSK27E;
				INFOPLIST_FILE = "$(SRCROOT)/RevolutTestApp/Supporting Files/Info.plist";
				IPHONEOS_DEPLOYMENT_TARGET = 10.0;
				LD_RUNPATH_SEARCH_PATHS = "$(inherited) @executable_path/Frameworks";
				PRODUCT_BUNDLE_IDENTIFIER = com.victorbogatyrev.RevolutTestApp;
				PRODUCT_NAME = "$(TARGET_NAME)";
				SWIFT_VERSION = 4.2;
				TARGETED_DEVICE_FAMILY = 1;
			};
			name = Release;
		};
		7DD6CACC2153F5C7002C63BC /* Debug */ = {
			isa = XCBuildConfiguration;
			buildSettings = {
				ALWAYS_EMBED_SWIFT_STANDARD_LIBRARIES = YES;
				BUNDLE_LOADER = "$(TEST_HOST)";
				CODE_SIGN_STYLE = Automatic;
				DEVELOPMENT_TEAM = KW8XLSK27E;
				INFOPLIST_FILE = RevolutTestAppTests/Info.plist;
				LD_RUNPATH_SEARCH_PATHS = "$(inherited) @executable_path/Frameworks @loader_path/Frameworks";
				PRODUCT_BUNDLE_IDENTIFIER = com.victorbogatyrev.RevolutTestAppTests;
				PRODUCT_NAME = "$(TARGET_NAME)";
				SWIFT_VERSION = 4.2;
				TARGETED_DEVICE_FAMILY = "1,2";
				TEST_HOST = "$(BUILT_PRODUCTS_DIR)/RevolutTestApp.app/RevolutTestApp";
			};
			name = Debug;
		};
		7DD6CACD2153F5C7002C63BC /* Release */ = {
			isa = XCBuildConfiguration;
			buildSettings = {
				ALWAYS_EMBED_SWIFT_STANDARD_LIBRARIES = YES;
				BUNDLE_LOADER = "$(TEST_HOST)";
				CODE_SIGN_STYLE = Automatic;
				DEVELOPMENT_TEAM = KW8XLSK27E;
				INFOPLIST_FILE = RevolutTestAppTests/Info.plist;
				LD_RUNPATH_SEARCH_PATHS = "$(inherited) @executable_path/Frameworks @loader_path/Frameworks";
				PRODUCT_BUNDLE_IDENTIFIER = com.victorbogatyrev.RevolutTestAppTests;
				PRODUCT_NAME = "$(TARGET_NAME)";
				SWIFT_VERSION = 4.2;
				TARGETED_DEVICE_FAMILY = "1,2";
				TEST_HOST = "$(BUILT_PRODUCTS_DIR)/RevolutTestApp.app/RevolutTestApp";
			};
			name = Release;
		};
		7DD6CACF2153F5C7002C63BC /* Debug */ = {
			isa = XCBuildConfiguration;
			buildSettings = {
				ALWAYS_EMBED_SWIFT_STANDARD_LIBRARIES = YES;
				CODE_SIGN_STYLE = Automatic;
				DEVELOPMENT_TEAM = KW8XLSK27E;
				INFOPLIST_FILE = RevolutTestAppUITests/Info.plist;
				LD_RUNPATH_SEARCH_PATHS = "$(inherited) @executable_path/Frameworks @loader_path/Frameworks";
				PRODUCT_BUNDLE_IDENTIFIER = com.victorbogatyrev.RevolutTestAppUITests;
				PRODUCT_NAME = "$(TARGET_NAME)";
				SWIFT_VERSION = 4.2;
				TARGETED_DEVICE_FAMILY = "1,2";
				TEST_TARGET_NAME = RevolutTestApp;
			};
			name = Debug;
		};
		7DD6CAD02153F5C7002C63BC /* Release */ = {
			isa = XCBuildConfiguration;
			buildSettings = {
				ALWAYS_EMBED_SWIFT_STANDARD_LIBRARIES = YES;
				CODE_SIGN_STYLE = Automatic;
				DEVELOPMENT_TEAM = KW8XLSK27E;
				INFOPLIST_FILE = RevolutTestAppUITests/Info.plist;
				LD_RUNPATH_SEARCH_PATHS = "$(inherited) @executable_path/Frameworks @loader_path/Frameworks";
				PRODUCT_BUNDLE_IDENTIFIER = com.victorbogatyrev.RevolutTestAppUITests;
				PRODUCT_NAME = "$(TARGET_NAME)";
				SWIFT_VERSION = 4.2;
				TARGETED_DEVICE_FAMILY = "1,2";
				TEST_TARGET_NAME = RevolutTestApp;
			};
			name = Release;
		};
/* End XCBuildConfiguration section */

/* Begin XCConfigurationList section */
		7DD6CA9B2153F5C4002C63BC /* Build configuration list for PBXProject "RevolutTestApp" */ = {
			isa = XCConfigurationList;
			buildConfigurations = (
				7DD6CAC62153F5C7002C63BC /* Debug */,
				7DD6CAC72153F5C7002C63BC /* Release */,
			);
			defaultConfigurationIsVisible = 0;
			defaultConfigurationName = Release;
		};
		7DD6CAC82153F5C7002C63BC /* Build configuration list for PBXNativeTarget "RevolutTestApp" */ = {
			isa = XCConfigurationList;
			buildConfigurations = (
				7DD6CAC92153F5C7002C63BC /* Debug */,
				7DD6CACA2153F5C7002C63BC /* Release */,
			);
			defaultConfigurationIsVisible = 0;
			defaultConfigurationName = Release;
		};
		7DD6CACB2153F5C7002C63BC /* Build configuration list for PBXNativeTarget "RevolutTestAppTests" */ = {
			isa = XCConfigurationList;
			buildConfigurations = (
				7DD6CACC2153F5C7002C63BC /* Debug */,
				7DD6CACD2153F5C7002C63BC /* Release */,
			);
			defaultConfigurationIsVisible = 0;
			defaultConfigurationName = Release;
		};
		7DD6CACE2153F5C7002C63BC /* Build configuration list for PBXNativeTarget "RevolutTestAppUITests" */ = {
			isa = XCConfigurationList;
			buildConfigurations = (
				7DD6CACF2153F5C7002C63BC /* Debug */,
				7DD6CAD02153F5C7002C63BC /* Release */,
			);
			defaultConfigurationIsVisible = 0;
			defaultConfigurationName = Release;
		};
/* End XCConfigurationList section */
	};
	rootObject = 7DD6CA982153F5C4002C63BC /* Project object */;
}
